// !$*UTF8*$!
{
	archiveVersion = 1;
	classes = {
	};
	objectVersion = 56;
	objects = {

/* Begin PBXBuildFile section */
		442425AC2C62584B00A457C3 /* Pixo_Assignment_PhotosApp.swift in Sources */ = {isa = PBXBuildFile; fileRef = 442425AB2C62584B00A457C3 /* Pixo_Assignment_PhotosApp.swift */; };
		442425AE2C62584B00A457C3 /* CoreDataExampleContentView.swift in Sources */ = {isa = PBXBuildFile; fileRef = 442425AD2C62584B00A457C3 /* CoreDataExampleContentView.swift */; };
		442425B02C62584C00A457C3 /* Assets.xcassets in Resources */ = {isa = PBXBuildFile; fileRef = 442425AF2C62584C00A457C3 /* Assets.xcassets */; };
		442425B32C62584C00A457C3 /* Preview Assets.xcassets in Resources */ = {isa = PBXBuildFile; fileRef = 442425B22C62584C00A457C3 /* Preview Assets.xcassets */; };
		442425B52C62584C00A457C3 /* Persistence.swift in Sources */ = {isa = PBXBuildFile; fileRef = 442425B42C62584C00A457C3 /* Persistence.swift */; };
		442425B82C62584C00A457C3 /* Pixo_Assignment_Photos.xcdatamodeld in Sources */ = {isa = PBXBuildFile; fileRef = 442425B62C62584C00A457C3 /* Pixo_Assignment_Photos.xcdatamodeld */; };
		442425C02C625A4600A457C3 /* TabBarView.swift in Sources */ = {isa = PBXBuildFile; fileRef = 442425BF2C625A4600A457C3 /* TabBarView.swift */; };
		442425C42C62617700A457C3 /* IconWithText.swift in Sources */ = {isa = PBXBuildFile; fileRef = 442425C32C62617700A457C3 /* IconWithText.swift */; };
		442425C62C63905D00A457C3 /* PhotosListView.swift in Sources */ = {isa = PBXBuildFile; fileRef = 442425C52C63905D00A457C3 /* PhotosListView.swift */; };
		442425C92C6395BA00A457C3 /* PhotosListViewModel.swift in Sources */ = {isa = PBXBuildFile; fileRef = 442425C82C6395BA00A457C3 /* PhotosListViewModel.swift */; };
		442425E52C64F61E00A457C3 /* DetailView.swift in Sources */ = {isa = PBXBuildFile; fileRef = 442425E42C64F61E00A457C3 /* DetailView.swift */; };
		442425E82C6675FD00A457C3 /* View+.swift in Sources */ = {isa = PBXBuildFile; fileRef = 442425E72C6675FD00A457C3 /* View+.swift */; };
		443471FB2C67B1280052BD53 /* PhotoDetailRepresentedView.swift in Sources */ = {isa = PBXBuildFile; fileRef = 443471FA2C67B1280052BD53 /* PhotoDetailRepresentedView.swift */; };
		443471FE2C68AB240052BD53 /* LibraryImage.swift in Sources */ = {isa = PBXBuildFile; fileRef = 443471FD2C68AB240052BD53 /* LibraryImage.swift */; };
		443472012C68AB790052BD53 /* PhotosService.swift in Sources */ = {isa = PBXBuildFile; fileRef = 443472002C68AB790052BD53 /* PhotosService.swift */; };
		443472032C68AF730052BD53 /* DetailViewModel.swift in Sources */ = {isa = PBXBuildFile; fileRef = 443472022C68AF730052BD53 /* DetailViewModel.swift */; };
		443472052C68B4500052BD53 /* ForYouView.swift in Sources */ = {isa = PBXBuildFile; fileRef = 443472042C68B4500052BD53 /* ForYouView.swift */; };
		443472072C68BAB20052BD53 /* SearchView.swift in Sources */ = {isa = PBXBuildFile; fileRef = 443472062C68BAB20052BD53 /* SearchView.swift */; };
		443472092C68BE770052BD53 /* AlbumsView.swift in Sources */ = {isa = PBXBuildFile; fileRef = 443472082C68BE770052BD53 /* AlbumsView.swift */; };
		4434720B2C68CA060052BD53 /* AlbumData.swift in Sources */ = {isa = PBXBuildFile; fileRef = 4434720A2C68CA060052BD53 /* AlbumData.swift */; };
		4434720D2C698B590052BD53 /* UIApplication+.swift in Sources */ = {isa = PBXBuildFile; fileRef = 4434720C2C698B590052BD53 /* UIApplication+.swift */; };
		4434720F2C698C590052BD53 /* UIView+.swift in Sources */ = {isa = PBXBuildFile; fileRef = 4434720E2C698C590052BD53 /* UIView+.swift */; };
		443472112C698DD10052BD53 /* TabBarModifier.swift in Sources */ = {isa = PBXBuildFile; fileRef = 443472102C698DD10052BD53 /* TabBarModifier.swift */; };
		44C33EEC2C69E13A00E30E11 /* NotFoundView.swift in Sources */ = {isa = PBXBuildFile; fileRef = 44C33EEB2C69E13A00E30E11 /* NotFoundView.swift */; };
/* End PBXBuildFile section */

/* Begin PBXFileReference section */
		442425A82C62584B00A457C3 /* Pixo-Assignment-Photos.app */ = {isa = PBXFileReference; explicitFileType = wrapper.application; includeInIndex = 0; path = "Pixo-Assignment-Photos.app"; sourceTree = BUILT_PRODUCTS_DIR; };
		442425AB2C62584B00A457C3 /* Pixo_Assignment_PhotosApp.swift */ = {isa = PBXFileReference; lastKnownFileType = sourcecode.swift; path = Pixo_Assignment_PhotosApp.swift; sourceTree = "<group>"; };
		442425AD2C62584B00A457C3 /* CoreDataExampleContentView.swift */ = {isa = PBXFileReference; lastKnownFileType = sourcecode.swift; path = CoreDataExampleContentView.swift; sourceTree = "<group>"; };
		442425AF2C62584C00A457C3 /* Assets.xcassets */ = {isa = PBXFileReference; lastKnownFileType = folder.assetcatalog; path = Assets.xcassets; sourceTree = "<group>"; };
		442425B22C62584C00A457C3 /* Preview Assets.xcassets */ = {isa = PBXFileReference; lastKnownFileType = folder.assetcatalog; path = "Preview Assets.xcassets"; sourceTree = "<group>"; };
		442425B42C62584C00A457C3 /* Persistence.swift */ = {isa = PBXFileReference; lastKnownFileType = sourcecode.swift; path = Persistence.swift; sourceTree = "<group>"; };
		442425B72C62584C00A457C3 /* Pixo_Assignment_Photos.xcdatamodel */ = {isa = PBXFileReference; lastKnownFileType = wrapper.xcdatamodel; path = Pixo_Assignment_Photos.xcdatamodel; sourceTree = "<group>"; };
		442425BF2C625A4600A457C3 /* TabBarView.swift */ = {isa = PBXFileReference; lastKnownFileType = sourcecode.swift; path = TabBarView.swift; sourceTree = "<group>"; };
		442425C32C62617700A457C3 /* IconWithText.swift */ = {isa = PBXFileReference; lastKnownFileType = sourcecode.swift; path = IconWithText.swift; sourceTree = "<group>"; };
		442425C52C63905D00A457C3 /* PhotosListView.swift */ = {isa = PBXFileReference; lastKnownFileType = sourcecode.swift; path = PhotosListView.swift; sourceTree = "<group>"; };
		442425C82C6395BA00A457C3 /* PhotosListViewModel.swift */ = {isa = PBXFileReference; lastKnownFileType = sourcecode.swift; path = PhotosListViewModel.swift; sourceTree = "<group>"; };
		442425E42C64F61E00A457C3 /* DetailView.swift */ = {isa = PBXFileReference; lastKnownFileType = sourcecode.swift; path = DetailView.swift; sourceTree = "<group>"; };
		442425E72C6675FD00A457C3 /* View+.swift */ = {isa = PBXFileReference; lastKnownFileType = sourcecode.swift; path = "View+.swift"; sourceTree = "<group>"; };
		443471FA2C67B1280052BD53 /* PhotoDetailRepresentedView.swift */ = {isa = PBXFileReference; lastKnownFileType = sourcecode.swift; path = PhotoDetailRepresentedView.swift; sourceTree = "<group>"; };
		443471FD2C68AB240052BD53 /* LibraryImage.swift */ = {isa = PBXFileReference; lastKnownFileType = sourcecode.swift; path = LibraryImage.swift; sourceTree = "<group>"; };
		443472002C68AB790052BD53 /* PhotosService.swift */ = {isa = PBXFileReference; lastKnownFileType = sourcecode.swift; path = PhotosService.swift; sourceTree = "<group>"; };
		443472022C68AF730052BD53 /* DetailViewModel.swift */ = {isa = PBXFileReference; lastKnownFileType = sourcecode.swift; path = DetailViewModel.swift; sourceTree = "<group>"; };
		443472042C68B4500052BD53 /* ForYouView.swift */ = {isa = PBXFileReference; lastKnownFileType = sourcecode.swift; path = ForYouView.swift; sourceTree = "<group>"; };
		443472062C68BAB20052BD53 /* SearchView.swift */ = {isa = PBXFileReference; lastKnownFileType = sourcecode.swift; path = SearchView.swift; sourceTree = "<group>"; };
		443472082C68BE770052BD53 /* AlbumsView.swift */ = {isa = PBXFileReference; lastKnownFileType = sourcecode.swift; path = AlbumsView.swift; sourceTree = "<group>"; };
		4434720A2C68CA060052BD53 /* AlbumData.swift */ = {isa = PBXFileReference; lastKnownFileType = sourcecode.swift; path = AlbumData.swift; sourceTree = "<group>"; };
		4434720C2C698B590052BD53 /* UIApplication+.swift */ = {isa = PBXFileReference; lastKnownFileType = sourcecode.swift; path = "UIApplication+.swift"; sourceTree = "<group>"; };
		4434720E2C698C590052BD53 /* UIView+.swift */ = {isa = PBXFileReference; lastKnownFileType = sourcecode.swift; path = "UIView+.swift"; sourceTree = "<group>"; };
		443472102C698DD10052BD53 /* TabBarModifier.swift */ = {isa = PBXFileReference; lastKnownFileType = sourcecode.swift; path = TabBarModifier.swift; sourceTree = "<group>"; };
		44C33EEB2C69E13A00E30E11 /* NotFoundView.swift */ = {isa = PBXFileReference; lastKnownFileType = sourcecode.swift; path = NotFoundView.swift; sourceTree = "<group>"; };
/* End PBXFileReference section */

/* Begin PBXFrameworksBuildPhase section */
		442425A52C62584B00A457C3 /* Frameworks */ = {
			isa = PBXFrameworksBuildPhase;
			buildActionMask = 2147483647;
			files = (
			);
			runOnlyForDeploymentPostprocessing = 0;
		};
/* End PBXFrameworksBuildPhase section */

/* Begin PBXGroup section */
		4424259F2C62584B00A457C3 = {
			isa = PBXGroup;
			children = (
				442425AA2C62584B00A457C3 /* Pixo-Assignment-Photos */,
				442425A92C62584B00A457C3 /* Products */,
			);
			indentWidth = 2;
			sourceTree = "<group>";
			tabWidth = 2;
		};
		442425A92C62584B00A457C3 /* Products */ = {
			isa = PBXGroup;
			children = (
				442425A82C62584B00A457C3 /* Pixo-Assignment-Photos.app */,
			);
			name = Products;
			sourceTree = "<group>";
		};
		442425AA2C62584B00A457C3 /* Pixo-Assignment-Photos */ = {
			isa = PBXGroup;
			children = (
				443471FF2C68AB5C0052BD53 /* Service */,
				443471FC2C68AB140052BD53 /* ValueObject */,
				442425E62C6675EB00A457C3 /* Extension */,
				442425C72C63959E00A457C3 /* ViewModel */,
				442425C12C62616600A457C3 /* View */,
				442425BE2C625A0500A457C3 /* CoreData */,
				442425AB2C62584B00A457C3 /* Pixo_Assignment_PhotosApp.swift */,
				442425AF2C62584C00A457C3 /* Assets.xcassets */,
				442425B62C62584C00A457C3 /* Pixo_Assignment_Photos.xcdatamodeld */,
				442425B12C62584C00A457C3 /* Preview Content */,
			);
			path = "Pixo-Assignment-Photos";
			sourceTree = "<group>";
		};
		442425B12C62584C00A457C3 /* Preview Content */ = {
			isa = PBXGroup;
			children = (
				442425B22C62584C00A457C3 /* Preview Assets.xcassets */,
			);
			path = "Preview Content";
			sourceTree = "<group>";
		};
		442425BE2C625A0500A457C3 /* CoreData */ = {
			isa = PBXGroup;
			children = (
				442425B42C62584C00A457C3 /* Persistence.swift */,
				442425AD2C62584B00A457C3 /* CoreDataExampleContentView.swift */,
			);
			path = CoreData;
			sourceTree = "<group>";
		};
		442425C12C62616600A457C3 /* View */ = {
			isa = PBXGroup;
			children = (
				443471F32C67A9BE0052BD53 /* Modifier */,
				443471ED2C67A8050052BD53 /* Representable */,
				442425C22C62616B00A457C3 /* Component */,
				442425C52C63905D00A457C3 /* PhotosListView.swift */,
				442425E42C64F61E00A457C3 /* DetailView.swift */,
				443472042C68B4500052BD53 /* ForYouView.swift */,
				443472062C68BAB20052BD53 /* SearchView.swift */,
				443472082C68BE770052BD53 /* AlbumsView.swift */,
				442425BF2C625A4600A457C3 /* TabBarView.swift */,
			);
			path = View;
			sourceTree = "<group>";
		};
		442425C22C62616B00A457C3 /* Component */ = {
			isa = PBXGroup;
			children = (
				442425C32C62617700A457C3 /* IconWithText.swift */,
				44C33EEB2C69E13A00E30E11 /* NotFoundView.swift */,
			);
			path = Component;
			sourceTree = "<group>";
		};
		442425C72C63959E00A457C3 /* ViewModel */ = {
			isa = PBXGroup;
			children = (
				442425C82C6395BA00A457C3 /* PhotosListViewModel.swift */,
				443472022C68AF730052BD53 /* DetailViewModel.swift */,
			);
			path = ViewModel;
			sourceTree = "<group>";
		};
		442425E62C6675EB00A457C3 /* Extension */ = {
			isa = PBXGroup;
			children = (
				442425E72C6675FD00A457C3 /* View+.swift */,
				4434720C2C698B590052BD53 /* UIApplication+.swift */,
				4434720E2C698C590052BD53 /* UIView+.swift */,
			);
			path = Extension;
			sourceTree = "<group>";
		};
		443471ED2C67A8050052BD53 /* Representable */ = {
			isa = PBXGroup;
			children = (
				443471F62C67AF3D0052BD53 /* PhotoDetail */,
			);
			path = Representable;
			sourceTree = "<group>";
		};
		443471F32C67A9BE0052BD53 /* Modifier */ = {
			isa = PBXGroup;
			children = (
				443472102C698DD10052BD53 /* TabBarModifier.swift */,
			);
			path = Modifier;
			sourceTree = "<group>";
		};
		443471F62C67AF3D0052BD53 /* PhotoDetail */ = {
			isa = PBXGroup;
			children = (
				443471FA2C67B1280052BD53 /* PhotoDetailRepresentedView.swift */,
			);
			path = PhotoDetail;
			sourceTree = "<group>";
		};
		443471FC2C68AB140052BD53 /* ValueObject */ = {
			isa = PBXGroup;
			children = (
				443471FD2C68AB240052BD53 /* LibraryImage.swift */,
				4434720A2C68CA060052BD53 /* AlbumData.swift */,
			);
			path = ValueObject;
			sourceTree = "<group>";
		};
		443471FF2C68AB5C0052BD53 /* Service */ = {
			isa = PBXGroup;
			children = (
				443472002C68AB790052BD53 /* PhotosService.swift */,
			);
			path = Service;
			sourceTree = "<group>";
		};
/* End PBXGroup section */

/* Begin PBXNativeTarget section */
		442425A72C62584B00A457C3 /* Pixo-Assignment-Photos */ = {
			isa = PBXNativeTarget;
			buildConfigurationList = 442425BB2C62584C00A457C3 /* Build configuration list for PBXNativeTarget "Pixo-Assignment-Photos" */;
			buildPhases = (
				442425A42C62584B00A457C3 /* Sources */,
				442425A52C62584B00A457C3 /* Frameworks */,
				442425A62C62584B00A457C3 /* Resources */,
			);
			buildRules = (
			);
			dependencies = (
			);
			name = "Pixo-Assignment-Photos";
			productName = "Pixo-Assignment-Photos";
			productReference = 442425A82C62584B00A457C3 /* Pixo-Assignment-Photos.app */;
			productType = "com.apple.product-type.application";
		};
/* End PBXNativeTarget section */

/* Begin PBXProject section */
		442425A02C62584B00A457C3 /* Project object */ = {
			isa = PBXProject;
			attributes = {
				BuildIndependentTargetsInParallel = 1;
				LastSwiftUpdateCheck = 1540;
				LastUpgradeCheck = 1540;
				TargetAttributes = {
					442425A72C62584B00A457C3 = {
						CreatedOnToolsVersion = 15.4;
					};
				};
			};
			buildConfigurationList = 442425A32C62584B00A457C3 /* Build configuration list for PBXProject "Pixo-Assignment-Photos" */;
			compatibilityVersion = "Xcode 14.0";
			developmentRegion = en;
			hasScannedForEncodings = 0;
			knownRegions = (
				en,
				Base,
			);
			mainGroup = 4424259F2C62584B00A457C3;
			productRefGroup = 442425A92C62584B00A457C3 /* Products */;
			projectDirPath = "";
			projectRoot = "";
			targets = (
				442425A72C62584B00A457C3 /* Pixo-Assignment-Photos */,
			);
		};
/* End PBXProject section */

/* Begin PBXResourcesBuildPhase section */
		442425A62C62584B00A457C3 /* Resources */ = {
			isa = PBXResourcesBuildPhase;
			buildActionMask = 2147483647;
			files = (
				442425B32C62584C00A457C3 /* Preview Assets.xcassets in Resources */,
				442425B02C62584C00A457C3 /* Assets.xcassets in Resources */,
			);
			runOnlyForDeploymentPostprocessing = 0;
		};
/* End PBXResourcesBuildPhase section */

/* Begin PBXSourcesBuildPhase section */
		442425A42C62584B00A457C3 /* Sources */ = {
			isa = PBXSourcesBuildPhase;
			buildActionMask = 2147483647;
			files = (
				442425B52C62584C00A457C3 /* Persistence.swift in Sources */,
				442425E52C64F61E00A457C3 /* DetailView.swift in Sources */,
				442425AE2C62584B00A457C3 /* CoreDataExampleContentView.swift in Sources */,
				442425C92C6395BA00A457C3 /* PhotosListViewModel.swift in Sources */,
				443472112C698DD10052BD53 /* TabBarModifier.swift in Sources */,
				4434720F2C698C590052BD53 /* UIView+.swift in Sources */,
				4434720D2C698B590052BD53 /* UIApplication+.swift in Sources */,
				442425AC2C62584B00A457C3 /* Pixo_Assignment_PhotosApp.swift in Sources */,
				443471FE2C68AB240052BD53 /* LibraryImage.swift in Sources */,
				442425C62C63905D00A457C3 /* PhotosListView.swift in Sources */,
				442425C42C62617700A457C3 /* IconWithText.swift in Sources */,
				443472052C68B4500052BD53 /* ForYouView.swift in Sources */,
				442425C02C625A4600A457C3 /* TabBarView.swift in Sources */,
				443472032C68AF730052BD53 /* DetailViewModel.swift in Sources */,
				443471FB2C67B1280052BD53 /* PhotoDetailRepresentedView.swift in Sources */,
				443472072C68BAB20052BD53 /* SearchView.swift in Sources */,
				4434720B2C68CA060052BD53 /* AlbumData.swift in Sources */,
				443472012C68AB790052BD53 /* PhotosService.swift in Sources */,
				443472092C68BE770052BD53 /* AlbumsView.swift in Sources */,
				44C33EEC2C69E13A00E30E11 /* NotFoundView.swift in Sources */,
				442425E82C6675FD00A457C3 /* View+.swift in Sources */,
				442425B82C62584C00A457C3 /* Pixo_Assignment_Photos.xcdatamodeld in Sources */,
			);
			runOnlyForDeploymentPostprocessing = 0;
		};
/* End PBXSourcesBuildPhase section */

/* Begin XCBuildConfiguration section */
		442425B92C62584C00A457C3 /* Debug */ = {
			isa = XCBuildConfiguration;
			buildSettings = {
				ALWAYS_SEARCH_USER_PATHS = NO;
				ASSETCATALOG_COMPILER_GENERATE_SWIFT_ASSET_SYMBOL_EXTENSIONS = YES;
				CLANG_ANALYZER_NONNULL = YES;
				CLANG_ANALYZER_NUMBER_OBJECT_CONVERSION = YES_AGGRESSIVE;
				CLANG_CXX_LANGUAGE_STANDARD = "gnu++20";
				CLANG_ENABLE_MODULES = YES;
				CLANG_ENABLE_OBJC_ARC = YES;
				CLANG_ENABLE_OBJC_WEAK = YES;
				CLANG_WARN_BLOCK_CAPTURE_AUTORELEASING = YES;
				CLANG_WARN_BOOL_CONVERSION = YES;
				CLANG_WARN_COMMA = YES;
				CLANG_WARN_CONSTANT_CONVERSION = YES;
				CLANG_WARN_DEPRECATED_OBJC_IMPLEMENTATIONS = YES;
				CLANG_WARN_DIRECT_OBJC_ISA_USAGE = YES_ERROR;
				CLANG_WARN_DOCUMENTATION_COMMENTS = YES;
				CLANG_WARN_EMPTY_BODY = YES;
				CLANG_WARN_ENUM_CONVERSION = YES;
				CLANG_WARN_INFINITE_RECURSION = YES;
				CLANG_WARN_INT_CONVERSION = YES;
				CLANG_WARN_NON_LITERAL_NULL_CONVERSION = YES;
				CLANG_WARN_OBJC_IMPLICIT_RETAIN_SELF = YES;
				CLANG_WARN_OBJC_LITERAL_CONVERSION = YES;
				CLANG_WARN_OBJC_ROOT_CLASS = YES_ERROR;
				CLANG_WARN_QUOTED_INCLUDE_IN_FRAMEWORK_HEADER = YES;
				CLANG_WARN_RANGE_LOOP_ANALYSIS = YES;
				CLANG_WARN_STRICT_PROTOTYPES = YES;
				CLANG_WARN_SUSPICIOUS_MOVE = YES;
				CLANG_WARN_UNGUARDED_AVAILABILITY = YES_AGGRESSIVE;
				CLANG_WARN_UNREACHABLE_CODE = YES;
				CLANG_WARN__DUPLICATE_METHOD_MATCH = YES;
				COPY_PHASE_STRIP = NO;
				DEBUG_INFORMATION_FORMAT = dwarf;
				ENABLE_STRICT_OBJC_MSGSEND = YES;
				ENABLE_TESTABILITY = YES;
				ENABLE_USER_SCRIPT_SANDBOXING = YES;
				GCC_C_LANGUAGE_STANDARD = gnu17;
				GCC_DYNAMIC_NO_PIC = NO;
				GCC_NO_COMMON_BLOCKS = YES;
				GCC_OPTIMIZATION_LEVEL = 0;
				GCC_PREPROCESSOR_DEFINITIONS = (
					"DEBUG=1",
					"$(inherited)",
				);
				GCC_WARN_64_TO_32_BIT_CONVERSION = YES;
				GCC_WARN_ABOUT_RETURN_TYPE = YES_ERROR;
				GCC_WARN_UNDECLARED_SELECTOR = YES;
				GCC_WARN_UNINITIALIZED_AUTOS = YES_AGGRESSIVE;
				GCC_WARN_UNUSED_FUNCTION = YES;
				GCC_WARN_UNUSED_VARIABLE = YES;
				IPHONEOS_DEPLOYMENT_TARGET = 17.5;
				LOCALIZATION_PREFERS_STRING_CATALOGS = YES;
				MTL_ENABLE_DEBUG_INFO = INCLUDE_SOURCE;
				MTL_FAST_MATH = YES;
				ONLY_ACTIVE_ARCH = YES;
				SDKROOT = iphoneos;
				SWIFT_ACTIVE_COMPILATION_CONDITIONS = "DEBUG $(inherited)";
				SWIFT_OPTIMIZATION_LEVEL = "-Onone";
			};
			name = Debug;
		};
		442425BA2C62584C00A457C3 /* Release */ = {
			isa = XCBuildConfiguration;
			buildSettings = {
				ALWAYS_SEARCH_USER_PATHS = NO;
				ASSETCATALOG_COMPILER_GENERATE_SWIFT_ASSET_SYMBOL_EXTENSIONS = YES;
				CLANG_ANALYZER_NONNULL = YES;
				CLANG_ANALYZER_NUMBER_OBJECT_CONVERSION = YES_AGGRESSIVE;
				CLANG_CXX_LANGUAGE_STANDARD = "gnu++20";
				CLANG_ENABLE_MODULES = YES;
				CLANG_ENABLE_OBJC_ARC = YES;
				CLANG_ENABLE_OBJC_WEAK = YES;
				CLANG_WARN_BLOCK_CAPTURE_AUTORELEASING = YES;
				CLANG_WARN_BOOL_CONVERSION = YES;
				CLANG_WARN_COMMA = YES;
				CLANG_WARN_CONSTANT_CONVERSION = YES;
				CLANG_WARN_DEPRECATED_OBJC_IMPLEMENTATIONS = YES;
				CLANG_WARN_DIRECT_OBJC_ISA_USAGE = YES_ERROR;
				CLANG_WARN_DOCUMENTATION_COMMENTS = YES;
				CLANG_WARN_EMPTY_BODY = YES;
				CLANG_WARN_ENUM_CONVERSION = YES;
				CLANG_WARN_INFINITE_RECURSION = YES;
				CLANG_WARN_INT_CONVERSION = YES;
				CLANG_WARN_NON_LITERAL_NULL_CONVERSION = YES;
				CLANG_WARN_OBJC_IMPLICIT_RETAIN_SELF = YES;
				CLANG_WARN_OBJC_LITERAL_CONVERSION = YES;
				CLANG_WARN_OBJC_ROOT_CLASS = YES_ERROR;
				CLANG_WARN_QUOTED_INCLUDE_IN_FRAMEWORK_HEADER = YES;
				CLANG_WARN_RANGE_LOOP_ANALYSIS = YES;
				CLANG_WARN_STRICT_PROTOTYPES = YES;
				CLANG_WARN_SUSPICIOUS_MOVE = YES;
				CLANG_WARN_UNGUARDED_AVAILABILITY = YES_AGGRESSIVE;
				CLANG_WARN_UNREACHABLE_CODE = YES;
				CLANG_WARN__DUPLICATE_METHOD_MATCH = YES;
				COPY_PHASE_STRIP = NO;
				DEBUG_INFORMATION_FORMAT = "dwarf-with-dsym";
				ENABLE_NS_ASSERTIONS = NO;
				ENABLE_STRICT_OBJC_MSGSEND = YES;
				ENABLE_USER_SCRIPT_SANDBOXING = YES;
				GCC_C_LANGUAGE_STANDARD = gnu17;
				GCC_NO_COMMON_BLOCKS = YES;
				GCC_WARN_64_TO_32_BIT_CONVERSION = YES;
				GCC_WARN_ABOUT_RETURN_TYPE = YES_ERROR;
				GCC_WARN_UNDECLARED_SELECTOR = YES;
				GCC_WARN_UNINITIALIZED_AUTOS = YES_AGGRESSIVE;
				GCC_WARN_UNUSED_FUNCTION = YES;
				GCC_WARN_UNUSED_VARIABLE = YES;
				IPHONEOS_DEPLOYMENT_TARGET = 17.5;
				LOCALIZATION_PREFERS_STRING_CATALOGS = YES;
				MTL_ENABLE_DEBUG_INFO = NO;
				MTL_FAST_MATH = YES;
				SDKROOT = iphoneos;
				SWIFT_COMPILATION_MODE = wholemodule;
				VALIDATE_PRODUCT = YES;
			};
			name = Release;
		};
		442425BC2C62584C00A457C3 /* Debug */ = {
			isa = XCBuildConfiguration;
			buildSettings = {
				ASSETCATALOG_COMPILER_APPICON_NAME = AppIcon;
				ASSETCATALOG_COMPILER_GLOBAL_ACCENT_COLOR_NAME = AccentColor;
				CODE_SIGN_STYLE = Automatic;
				CURRENT_PROJECT_VERSION = 1;
				DEVELOPMENT_ASSET_PATHS = "\"Pixo-Assignment-Photos/Preview Content\"";
				DEVELOPMENT_TEAM = 6S2SA26VAN;
				ENABLE_PREVIEWS = YES;
				GENERATE_INFOPLIST_FILE = YES;
				INFOPLIST_KEY_NSPhotoLibraryAddUsageDescription = "You need permission to save photos to your photo library.";
				INFOPLIST_KEY_NSPhotoLibraryUsageDescription = "Importing photos from the library requires permission to be granted.";
				INFOPLIST_KEY_UIApplicationSceneManifest_Generation = YES;
				INFOPLIST_KEY_UIApplicationSupportsIndirectInputEvents = YES;
				INFOPLIST_KEY_UILaunchScreen_Generation = YES;
				INFOPLIST_KEY_UISupportedInterfaceOrientations_iPad = "UIInterfaceOrientationPortrait UIInterfaceOrientationPortraitUpsideDown UIInterfaceOrientationLandscapeLeft UIInterfaceOrientationLandscapeRight";
				INFOPLIST_KEY_UISupportedInterfaceOrientations_iPhone = "UIInterfaceOrientationPortrait UIInterfaceOrientationLandscapeLeft UIInterfaceOrientationLandscapeRight";
				IPHONEOS_DEPLOYMENT_TARGET = 15.0;
				LD_RUNPATH_SEARCH_PATHS = (
					"$(inherited)",
					"@executable_path/Frameworks",
				);
				MARKETING_VERSION = 1.0;
				PRODUCT_BUNDLE_IDENTIFIER = "com.bgsmm.Pixo-Assignment-Photos";
				PRODUCT_NAME = "$(TARGET_NAME)";
				SWIFT_EMIT_LOC_STRINGS = YES;
				SWIFT_VERSION = 5.0;
				TARGETED_DEVICE_FAMILY = "1,2";
			};
			name = Debug;
		};
		442425BD2C62584C00A457C3 /* Release */ = {
			isa = XCBuildConfiguration;
			buildSettings = {
				ASSETCATALOG_COMPILER_APPICON_NAME = AppIcon;
				ASSETCATALOG_COMPILER_GLOBAL_ACCENT_COLOR_NAME = AccentColor;
				CODE_SIGN_STYLE = Automatic;
				CURRENT_PROJECT_VERSION = 1;
				DEVELOPMENT_ASSET_PATHS = "\"Pixo-Assignment-Photos/Preview Content\"";
				DEVELOPMENT_TEAM = 6S2SA26VAN;
				ENABLE_PREVIEWS = YES;
				GENERATE_INFOPLIST_FILE = YES;
				INFOPLIST_KEY_NSPhotoLibraryAddUsageDescription = "You need permission to save photos to your photo library.";
				INFOPLIST_KEY_NSPhotoLibraryUsageDescription = "Importing photos from the library requires permission to be granted.";
				INFOPLIST_KEY_UIApplicationSceneManifest_Generation = YES;
				INFOPLIST_KEY_UIApplicationSupportsIndirectInputEvents = YES;
				INFOPLIST_KEY_UILaunchScreen_Generation = YES;
				INFOPLIST_KEY_UISupportedInterfaceOrientations_iPad = "UIInterfaceOrientationPortrait UIInterfaceOrientationPortraitUpsideDown UIInterfaceOrientationLandscapeLeft UIInterfaceOrientationLandscapeRight";
				INFOPLIST_KEY_UISupportedInterfaceOrientations_iPhone = "UIInterfaceOrientationPortrait UIInterfaceOrientationLandscapeLeft UIInterfaceOrientationLandscapeRight";
				IPHONEOS_DEPLOYMENT_TARGET = 15.0;
				LD_RUNPATH_SEARCH_PATHS = (
					"$(inherited)",
					"@executable_path/Frameworks",
				);
				MARKETING_VERSION = 1.0;
				PRODUCT_BUNDLE_IDENTIFIER = "com.bgsmm.Pixo-Assignment-Photos";
				PRODUCT_NAME = "$(TARGET_NAME)";
				SWIFT_EMIT_LOC_STRINGS = YES;
				SWIFT_VERSION = 5.0;
				TARGETED_DEVICE_FAMILY = "1,2";
			};
			name = Release;
		};
/* End XCBuildConfiguration section */

/* Begin XCConfigurationList section */
		442425A32C62584B00A457C3 /* Build configuration list for PBXProject "Pixo-Assignment-Photos" */ = {
			isa = XCConfigurationList;
			buildConfigurations = (
				442425B92C62584C00A457C3 /* Debug */,
				442425BA2C62584C00A457C3 /* Release */,
			);
			defaultConfigurationIsVisible = 0;
			defaultConfigurationName = Release;
		};
		442425BB2C62584C00A457C3 /* Build configuration list for PBXNativeTarget "Pixo-Assignment-Photos" */ = {
			isa = XCConfigurationList;
			buildConfigurations = (
				442425BC2C62584C00A457C3 /* Debug */,
				442425BD2C62584C00A457C3 /* Release */,
			);
			defaultConfigurationIsVisible = 0;
			defaultConfigurationName = Release;
		};
/* End XCConfigurationList section */

/* Begin XCVersionGroup section */
		442425B62C62584C00A457C3 /* Pixo_Assignment_Photos.xcdatamodeld */ = {
			isa = XCVersionGroup;
			children = (
				442425B72C62584C00A457C3 /* Pixo_Assignment_Photos.xcdatamodel */,
			);
			currentVersion = 442425B72C62584C00A457C3 /* Pixo_Assignment_Photos.xcdatamodel */;
			path = Pixo_Assignment_Photos.xcdatamodeld;
			sourceTree = "<group>";
			versionGroupType = wrapper.xcdatamodel;
		};
/* End XCVersionGroup section */
	};
	rootObject = 442425A02C62584B00A457C3 /* Project object */;
}
